
Microsoft Visual Studio Solution File, Format Version 12.00
# Visual Studio Version 17
VisualStudioVersion = 17.6.33815.320
MinimumVisualStudioVersion = 10.0.40219.1
Project("{FAE04EC0-301F-11D3-BF4B-00C04F79EFBC}") = "Lab_2", "Lab_2\Lab_2.csproj", "{889BC25B-D301-43C9-A751-D96F6614CCCF}"
EndProject
Global
	GlobalSection(SolutionConfigurationPlatforms) = preSolution
		Debug|Any CPU = Debug|Any CPU
		Release|Any CPU = Release|Any CPU
	EndGlobalSection
	GlobalSection(ProjectConfigurationPlatforms) = postSolution
		{889BC25B-D301-43C9-A751-D96F6614CCCF}.Debug|Any CPU.ActiveCfg = Debug|Any CPU
		{889BC25B-D301-43C9-A751-D96F6614CCCF}.Debug|Any CPU.Build.0 = Debug|Any CPU
		{889BC25B-D301-43C9-A751-D96F6614CCCF}.Release|Any CPU.ActiveCfg = Release|Any CPU
		{889BC25B-D301-43C9-A751-D96F6614CCCF}.Release|Any CPU.Build.0 = Release|Any CPU
	EndGlobalSection
	GlobalSection(SolutionProperties) = preSolution
		HideSolutionNode = FALSE
	EndGlobalSection
	GlobalSection(ExtensibilityGlobals) = postSolution
		SolutionGuid = {D0800132-1138-4450-AA78-9AA15C130D28}
	EndGlobalSection
EndGlobal
